
Microsoft Visual Studio Solution File, Format Version 12.00
Project("{FAE04EC0-301F-11D3-BF4B-00C04F79EFBC}") = "Slay-Tree", "Slay-Tree\Slay-Tree.csproj", "{931B0645-54BD-4773-BC83-19B877EEE786}"
EndProject
Global
	GlobalSection(SolutionConfigurationPlatforms) = preSolution
		Debug|Any CPU = Debug|Any CPU
		Release|Any CPU = Release|Any CPU
	EndGlobalSection
	GlobalSection(ProjectConfigurationPlatforms) = postSolution
		{931B0645-54BD-4773-BC83-19B877EEE786}.Debug|Any CPU.ActiveCfg = Debug|Any CPU
		{931B0645-54BD-4773-BC83-19B877EEE786}.Debug|Any CPU.Build.0 = Debug|Any CPU
		{931B0645-54BD-4773-BC83-19B877EEE786}.Release|Any CPU.ActiveCfg = Release|Any CPU
		{931B0645-54BD-4773-BC83-19B877EEE786}.Release|Any CPU.Build.0 = Release|Any CPU
	EndGlobalSection
EndGlobal
